
Microsoft Visual Studio Solution File, Format Version 12.00
# Visual Studio 15
VisualStudioVersion = 15.0.27130.2027
MinimumVisualStudioVersion = 10.0.40219.1
Project("{9A19103F-16F7-4668-BE54-9A1E7A4F7556}") = "SNP_First_Test", "SNP_First_Test.csproj", "{644900B2-1403-4B5E-996E-F1486BE5CB71}"
EndProject
Global
	GlobalSection(SolutionConfigurationPlatforms) = preSolution
		Debug|Any CPU = Debug|Any CPU
		Release|Any CPU = Release|Any CPU
	EndGlobalSection
	GlobalSection(ProjectConfigurationPlatforms) = postSolution
		{644900B2-1403-4B5E-996E-F1486BE5CB71}.Debug|Any CPU.ActiveCfg = Debug|Any CPU
		{644900B2-1403-4B5E-996E-F1486BE5CB71}.Debug|Any CPU.Build.0 = Debug|Any CPU
		{644900B2-1403-4B5E-996E-F1486BE5CB71}.Release|Any CPU.ActiveCfg = Release|Any CPU
		{644900B2-1403-4B5E-996E-F1486BE5CB71}.Release|Any CPU.Build.0 = Release|Any CPU
	EndGlobalSection
	GlobalSection(SolutionProperties) = preSolution
		HideSolutionNode = FALSE
	EndGlobalSection
	GlobalSection(ExtensibilityGlobals) = postSolution
		SolutionGuid = {5672D954-A07C-44AB-BAFB-0F1B0A109AA5}
	EndGlobalSection
EndGlobal
